
Microsoft Visual Studio Solution File, Format Version 12.00
# Visual Studio 14
VisualStudioVersion = 14.0.25420.1
MinimumVisualStudioVersion = 10.0.40219.1
Project("{8BC9CEB8-8B4A-11D0-8D11-00A0C91BC942}") = "SIP_1", "SIP_1\SIP_1.vcxproj", "{13CAD76B-3136-4CAE-8CD6-65A3275A8BF3}"
EndProject
Global
	GlobalSection(SolutionConfigurationPlatforms) = preSolution
		Debug|Win32 = Debug|Win32
		Release|Win32 = Release|Win32
	EndGlobalSection
	GlobalSection(ProjectConfigurationPlatforms) = postSolution
		{13CAD76B-3136-4CAE-8CD6-65A3275A8BF3}.Debug|Win32.ActiveCfg = Debug|Win32
		{13CAD76B-3136-4CAE-8CD6-65A3275A8BF3}.Debug|Win32.Build.0 = Debug|Win32
		{13CAD76B-3136-4CAE-8CD6-65A3275A8BF3}.Release|Win32.ActiveCfg = Release|Win32
		{13CAD76B-3136-4CAE-8CD6-65A3275A8BF3}.Release|Win32.Build.0 = Release|Win32
	EndGlobalSection
	GlobalSection(SolutionProperties) = preSolution
		HideSolutionNode = FALSE
	EndGlobalSection
EndGlobal
